// !$*UTF8*$!
{
	archiveVersion = 1;
	classes = {
	};
	objectVersion = 46;
	objects = {

/* Begin PBXBuildFile section */
		8F19CCDA1E480D7A00885CBB /* decrease_baiduwaimai@2x.png in Resources */ = {isa = PBXBuildFile; fileRef = 8F19CCCA1E480D7A00885CBB /* decrease_baiduwaimai@2x.png */; };
		8F19CCDB1E480D7A00885CBB /* decrease_baiduwaimai@3x.png in Resources */ = {isa = PBXBuildFile; fileRef = 8F19CCCB1E480D7A00885CBB /* decrease_baiduwaimai@3x.png */; };
		8F19CCDC1E480D7A00885CBB /* decrease_eleme@2x.png in Resources */ = {isa = PBXBuildFile; fileRef = 8F19CCCC1E480D7A00885CBB /* decrease_eleme@2x.png */; };
		8F19CCDD1E480D7A00885CBB /* decrease_eleme@3x.png in Resources */ = {isa = PBXBuildFile; fileRef = 8F19CCCD1E480D7A00885CBB /* decrease_eleme@3x.png */; };
		8F19CCDE1E480D7A00885CBB /* decrease_meituan@2x.png in Resources */ = {isa = PBXBuildFile; fileRef = 8F19CCCE1E480D7A00885CBB /* decrease_meituan@2x.png */; };
		8F19CCDF1E480D7A00885CBB /* decrease_meituan@3x.png in Resources */ = {isa = PBXBuildFile; fileRef = 8F19CCCF1E480D7A00885CBB /* decrease_meituan@3x.png */; };
		8F19CCE01E480D7A00885CBB /* decrease_taobao@2x.png in Resources */ = {isa = PBXBuildFile; fileRef = 8F19CCD01E480D7A00885CBB /* decrease_taobao@2x.png */; };
		8F19CCE11E480D7A00885CBB /* decrease_taobao@3x.png in Resources */ = {isa = PBXBuildFile; fileRef = 8F19CCD11E480D7A00885CBB /* decrease_taobao@3x.png */; };
		8F19CCE21E480D7A00885CBB /* increase_baiduwaimai@2x.png in Resources */ = {isa = PBXBuildFile; fileRef = 8F19CCD21E480D7A00885CBB /* increase_baiduwaimai@2x.png */; };
		8F19CCE31E480D7A00885CBB /* increase_baiduwaimai@3x.png in Resources */ = {isa = PBXBuildFile; fileRef = 8F19CCD31E480D7A00885CBB /* increase_baiduwaimai@3x.png */; };
		8F19CCE41E480D7A00885CBB /* increase_eleme@2x.png in Resources */ = {isa = PBXBuildFile; fileRef = 8F19CCD41E480D7A00885CBB /* increase_eleme@2x.png */; };
		8F19CCE51E480D7A00885CBB /* increase_eleme@3x.png in Resources */ = {isa = PBXBuildFile; fileRef = 8F19CCD51E480D7A00885CBB /* increase_eleme@3x.png */; };
		8F19CCE61E480D7A00885CBB /* increase_meituan@2x.png in Resources */ = {isa = PBXBuildFile; fileRef = 8F19CCD61E480D7A00885CBB /* increase_meituan@2x.png */; };
		8F19CCE71E480D7A00885CBB /* increase_meituan@3x.png in Resources */ = {isa = PBXBuildFile; fileRef = 8F19CCD71E480D7A00885CBB /* increase_meituan@3x.png */; };
		8F19CCE81E480D7A00885CBB /* increase_taobao@2x.png in Resources */ = {isa = PBXBuildFile; fileRef = 8F19CCD81E480D7A00885CBB /* increase_taobao@2x.png */; };
		8F19CCE91E480D7A00885CBB /* increase_taobao@3x.png in Resources */ = {isa = PBXBuildFile; fileRef = 8F19CCD91E480D7A00885CBB /* increase_taobao@3x.png */; };
		8F60BF001E45BBCB001E9D63 /* main.m in Sources */ = {isa = PBXBuildFile; fileRef = 8F60BEFF1E45BBCB001E9D63 /* main.m */; };
		8F60BF031E45BBCB001E9D63 /* AppDelegate.m in Sources */ = {isa = PBXBuildFile; fileRef = 8F60BF021E45BBCB001E9D63 /* AppDelegate.m */; };
		8F60BF061E45BBCB001E9D63 /* ViewController.m in Sources */ = {isa = PBXBuildFile; fileRef = 8F60BF051E45BBCB001E9D63 /* ViewController.m */; };
		8F60BF091E45BBCB001E9D63 /* Main.storyboard in Resources */ = {isa = PBXBuildFile; fileRef = 8F60BF071E45BBCB001E9D63 /* Main.storyboard */; };
		8F60BF0B1E45BBCB001E9D63 /* Assets.xcassets in Resources */ = {isa = PBXBuildFile; fileRef = 8F60BF0A1E45BBCB001E9D63 /* Assets.xcassets */; };
		8F60BF0E1E45BBCB001E9D63 /* LaunchScreen.storyboard in Resources */ = {isa = PBXBuildFile; fileRef = 8F60BF0C1E45BBCB001E9D63 /* LaunchScreen.storyboard */; };
		8F60BF191E45BBCC001E9D63 /* Dec_Inc_ButtonTests.m in Sources */ = {isa = PBXBuildFile; fileRef = 8F60BF181E45BBCC001E9D63 /* Dec_Inc_ButtonTests.m */; };
		8F60BF241E45BBCC001E9D63 /* Dec_Inc_ButtonUITests.m in Sources */ = {isa = PBXBuildFile; fileRef = 8F60BF231E45BBCC001E9D63 /* Dec_Inc_ButtonUITests.m */; };
		8F60BF341E45BD27001E9D63 /* NumberButton.m in Sources */ = {isa = PBXBuildFile; fileRef = 8F60BF331E45BD27001E9D63 /* NumberButton.m */; };
/* End PBXBuildFile section */

/* Begin PBXContainerItemProxy section */
		8F60BF151E45BBCC001E9D63 /* PBXContainerItemProxy */ = {
			isa = PBXContainerItemProxy;
			containerPortal = 8F60BEF31E45BBCB001E9D63 /* Project object */;
			proxyType = 1;
			remoteGlobalIDString = 8F60BEFA1E45BBCB001E9D63;
			remoteInfo = "Dec-Inc-Button";
		};
		8F60BF201E45BBCC001E9D63 /* PBXContainerItemProxy */ = {
			isa = PBXContainerItemProxy;
			containerPortal = 8F60BEF31E45BBCB001E9D63 /* Project object */;
			proxyType = 1;
			remoteGlobalIDString = 8F60BEFA1E45BBCB001E9D63;
			remoteInfo = "Dec-Inc-Button";
		};
/* End PBXContainerItemProxy section */

/* Begin PBXFileReference section */
		8F19CCCA1E480D7A00885CBB /* decrease_baiduwaimai@2x.png */ = {isa = PBXFileReference; lastKnownFileType = image.png; path = "decrease_baiduwaimai@2x.png"; sourceTree = "<group>"; };
		8F19CCCB1E480D7A00885CBB /* decrease_baiduwaimai@3x.png */ = {isa = PBXFileReference; lastKnownFileType = image.png; path = "decrease_baiduwaimai@3x.png"; sourceTree = "<group>"; };
		8F19CCCC1E480D7A00885CBB /* decrease_eleme@2x.png */ = {isa = PBXFileReference; lastKnownFileType = image.png; path = "decrease_eleme@2x.png"; sourceTree = "<group>"; };
		8F19CCCD1E480D7A00885CBB /* decrease_eleme@3x.png */ = {isa = PBXFileReference; lastKnownFileType = image.png; path = "decrease_eleme@3x.png"; sourceTree = "<group>"; };
		8F19CCCE1E480D7A00885CBB /* decrease_meituan@2x.png */ = {isa = PBXFileReference; lastKnownFileType = image.png; path = "decrease_meituan@2x.png"; sourceTree = "<group>"; };
		8F19CCCF1E480D7A00885CBB /* decrease_meituan@3x.png */ = {isa = PBXFileReference; lastKnownFileType = image.png; path = "decrease_meituan@3x.png"; sourceTree = "<group>"; };
		8F19CCD01E480D7A00885CBB /* decrease_taobao@2x.png */ = {isa = PBXFileReference; lastKnownFileType = image.png; path = "decrease_taobao@2x.png"; sourceTree = "<group>"; };
		8F19CCD11E480D7A00885CBB /* decrease_taobao@3x.png */ = {isa = PBXFileReference; lastKnownFileType = image.png; path = "decrease_taobao@3x.png"; sourceTree = "<group>"; };
		8F19CCD21E480D7A00885CBB /* increase_baiduwaimai@2x.png */ = {isa = PBXFileReference; lastKnownFileType = image.png; path = "increase_baiduwaimai@2x.png"; sourceTree = "<group>"; };
		8F19CCD31E480D7A00885CBB /* increase_baiduwaimai@3x.png */ = {isa = PBXFileReference; lastKnownFileType = image.png; path = "increase_baiduwaimai@3x.png"; sourceTree = "<group>"; };
		8F19CCD41E480D7A00885CBB /* increase_eleme@2x.png */ = {isa = PBXFileReference; lastKnownFileType = image.png; path = "increase_eleme@2x.png"; sourceTree = "<group>"; };
		8F19CCD51E480D7A00885CBB /* increase_eleme@3x.png */ = {isa = PBXFileReference; lastKnownFileType = image.png; path = "increase_eleme@3x.png"; sourceTree = "<group>"; };
		8F19CCD61E480D7A00885CBB /* increase_meituan@2x.png */ = {isa = PBXFileReference; lastKnownFileType = image.png; path = "increase_meituan@2x.png"; sourceTree = "<group>"; };
		8F19CCD71E480D7A00885CBB /* increase_meituan@3x.png */ = {isa = PBXFileReference; lastKnownFileType = image.png; path = "increase_meituan@3x.png"; sourceTree = "<group>"; };
		8F19CCD81E480D7A00885CBB /* increase_taobao@2x.png */ = {isa = PBXFileReference; lastKnownFileType = image.png; path = "increase_taobao@2x.png"; sourceTree = "<group>"; };
		8F19CCD91E480D7A00885CBB /* increase_taobao@3x.png */ = {isa = PBXFileReference; lastKnownFileType = image.png; path = "increase_taobao@3x.png"; sourceTree = "<group>"; };
		8F60BEFB1E45BBCB001E9D63 /* Dec-Inc-Button.app */ = {isa = PBXFileReference; explicitFileType = wrapper.application; includeInIndex = 0; path = "Dec-Inc-Button.app"; sourceTree = BUILT_PRODUCTS_DIR; };
		8F60BEFF1E45BBCB001E9D63 /* main.m */ = {isa = PBXFileReference; lastKnownFileType = sourcecode.c.objc; path = main.m; sourceTree = "<group>"; };
		8F60BF011E45BBCB001E9D63 /* AppDelegate.h */ = {isa = PBXFileReference; lastKnownFileType = sourcecode.c.h; path = AppDelegate.h; sourceTree = "<group>"; };
		8F60BF021E45BBCB001E9D63 /* AppDelegate.m */ = {isa = PBXFileReference; lastKnownFileType = sourcecode.c.objc; path = AppDelegate.m; sourceTree = "<group>"; };
		8F60BF041E45BBCB001E9D63 /* ViewController.h */ = {isa = PBXFileReference; lastKnownFileType = sourcecode.c.h; path = ViewController.h; sourceTree = "<group>"; };
		8F60BF051E45BBCB001E9D63 /* ViewController.m */ = {isa = PBXFileReference; lastKnownFileType = sourcecode.c.objc; path = ViewController.m; sourceTree = "<group>"; };
		8F60BF081E45BBCB001E9D63 /* Base */ = {isa = PBXFileReference; lastKnownFileType = file.storyboard; name = Base; path = Base.lproj/Main.storyboard; sourceTree = "<group>"; };
		8F60BF0A1E45BBCB001E9D63 /* Assets.xcassets */ = {isa = PBXFileReference; lastKnownFileType = folder.assetcatalog; path = Assets.xcassets; sourceTree = "<group>"; };
		8F60BF0D1E45BBCB001E9D63 /* Base */ = {isa = PBXFileReference; lastKnownFileType = file.storyboard; name = Base; path = Base.lproj/LaunchScreen.storyboard; sourceTree = "<group>"; };
		8F60BF0F1E45BBCB001E9D63 /* Info.plist */ = {isa = PBXFileReference; lastKnownFileType = text.plist.xml; path = Info.plist; sourceTree = "<group>"; };
		8F60BF141E45BBCC001E9D63 /* Dec-Inc-ButtonTests.xctest */ = {isa = PBXFileReference; explicitFileType = wrapper.cfbundle; includeInIndex = 0; path = "Dec-Inc-ButtonTests.xctest"; sourceTree = BUILT_PRODUCTS_DIR; };
		8F60BF181E45BBCC001E9D63 /* Dec_Inc_ButtonTests.m */ = {isa = PBXFileReference; lastKnownFileType = sourcecode.c.objc; path = Dec_Inc_ButtonTests.m; sourceTree = "<group>"; };
		8F60BF1A1E45BBCC001E9D63 /* Info.plist */ = {isa = PBXFileReference; lastKnownFileType = text.plist.xml; path = Info.plist; sourceTree = "<group>"; };
		8F60BF1F1E45BBCC001E9D63 /* Dec-Inc-ButtonUITests.xctest */ = {isa = PBXFileReference; explicitFileType = wrapper.cfbundle; includeInIndex = 0; path = "Dec-Inc-ButtonUITests.xctest"; sourceTree = BUILT_PRODUCTS_DIR; };
		8F60BF231E45BBCC001E9D63 /* Dec_Inc_ButtonUITests.m */ = {isa = PBXFileReference; lastKnownFileType = sourcecode.c.objc; path = Dec_Inc_ButtonUITests.m; sourceTree = "<group>"; };
		8F60BF251E45BBCC001E9D63 /* Info.plist */ = {isa = PBXFileReference; lastKnownFileType = text.plist.xml; path = Info.plist; sourceTree = "<group>"; };
		8F60BF321E45BD27001E9D63 /* NumberButton.h */ = {isa = PBXFileReference; fileEncoding = 4; lastKnownFileType = sourcecode.c.h; path = NumberButton.h; sourceTree = "<group>"; };
		8F60BF331E45BD27001E9D63 /* NumberButton.m */ = {isa = PBXFileReference; fileEncoding = 4; lastKnownFileType = sourcecode.c.objc; path = NumberButton.m; sourceTree = "<group>"; };
/* End PBXFileReference section */

/* Begin PBXFrameworksBuildPhase section */
		8F60BEF81E45BBCB001E9D63 /* Frameworks */ = {
			isa = PBXFrameworksBuildPhase;
			buildActionMask = 2147483647;
			files = (
			);
			runOnlyForDeploymentPostprocessing = 0;
		};
		8F60BF111E45BBCC001E9D63 /* Frameworks */ = {
			isa = PBXFrameworksBuildPhase;
			buildActionMask = 2147483647;
			files = (
			);
			runOnlyForDeploymentPostprocessing = 0;
		};
		8F60BF1C1E45BBCC001E9D63 /* Frameworks */ = {
			isa = PBXFrameworksBuildPhase;
			buildActionMask = 2147483647;
			files = (
			);
			runOnlyForDeploymentPostprocessing = 0;
		};
/* End PBXFrameworksBuildPhase section */

/* Begin PBXGroup section */
		8F19CCC91E480D7900885CBB /* Image */ = {
			isa = PBXGroup;
			children = (
				8F19CCCA1E480D7A00885CBB /* decrease_baiduwaimai@2x.png */,
				8F19CCCB1E480D7A00885CBB /* decrease_baiduwaimai@3x.png */,
				8F19CCCC1E480D7A00885CBB /* decrease_eleme@2x.png */,
				8F19CCCD1E480D7A00885CBB /* decrease_eleme@3x.png */,
				8F19CCCE1E480D7A00885CBB /* decrease_meituan@2x.png */,
				8F19CCCF1E480D7A00885CBB /* decrease_meituan@3x.png */,
				8F19CCD01E480D7A00885CBB /* decrease_taobao@2x.png */,
				8F19CCD11E480D7A00885CBB /* decrease_taobao@3x.png */,
				8F19CCD21E480D7A00885CBB /* increase_baiduwaimai@2x.png */,
				8F19CCD31E480D7A00885CBB /* increase_baiduwaimai@3x.png */,
				8F19CCD41E480D7A00885CBB /* increase_eleme@2x.png */,
				8F19CCD51E480D7A00885CBB /* increase_eleme@3x.png */,
				8F19CCD61E480D7A00885CBB /* increase_meituan@2x.png */,
				8F19CCD71E480D7A00885CBB /* increase_meituan@3x.png */,
				8F19CCD81E480D7A00885CBB /* increase_taobao@2x.png */,
				8F19CCD91E480D7A00885CBB /* increase_taobao@3x.png */,
			);
			path = Image;
			sourceTree = "<group>";
		};
		8F60BEF21E45BBCB001E9D63 = {
			isa = PBXGroup;
			children = (
				8F60BEFD1E45BBCB001E9D63 /* Dec-Inc-Button */,
				8F60BF171E45BBCC001E9D63 /* Dec-Inc-ButtonTests */,
				8F60BF221E45BBCC001E9D63 /* Dec-Inc-ButtonUITests */,
				8F60BEFC1E45BBCB001E9D63 /* Products */,
			);
			sourceTree = "<group>";
		};
		8F60BEFC1E45BBCB001E9D63 /* Products */ = {
			isa = PBXGroup;
			children = (
				8F60BEFB1E45BBCB001E9D63 /* Dec-Inc-Button.app */,
				8F60BF141E45BBCC001E9D63 /* Dec-Inc-ButtonTests.xctest */,
				8F60BF1F1E45BBCC001E9D63 /* Dec-Inc-ButtonUITests.xctest */,
			);
			name = Products;
			sourceTree = "<group>";
		};
		8F60BEFD1E45BBCB001E9D63 /* Dec-Inc-Button */ = {
			isa = PBXGroup;
			children = (
				8F19CCC91E480D7900885CBB /* Image */,
				8F60BF311E45BCE4001E9D63 /* NumberButton */,
				8F60BF011E45BBCB001E9D63 /* AppDelegate.h */,
				8F60BF021E45BBCB001E9D63 /* AppDelegate.m */,
				8F60BF041E45BBCB001E9D63 /* ViewController.h */,
				8F60BF051E45BBCB001E9D63 /* ViewController.m */,
				8F60BF071E45BBCB001E9D63 /* Main.storyboard */,
				8F60BF0A1E45BBCB001E9D63 /* Assets.xcassets */,
				8F60BF0C1E45BBCB001E9D63 /* LaunchScreen.storyboard */,
				8F60BF0F1E45BBCB001E9D63 /* Info.plist */,
				8F60BEFE1E45BBCB001E9D63 /* Supporting Files */,
			);
			path = "Dec-Inc-Button";
			sourceTree = "<group>";
		};
		8F60BEFE1E45BBCB001E9D63 /* Supporting Files */ = {
			isa = PBXGroup;
			children = (
				8F60BEFF1E45BBCB001E9D63 /* main.m */,
			);
			name = "Supporting Files";
			sourceTree = "<group>";
		};
		8F60BF171E45BBCC001E9D63 /* Dec-Inc-ButtonTests */ = {
			isa = PBXGroup;
			children = (
				8F60BF181E45BBCC001E9D63 /* Dec_Inc_ButtonTests.m */,
				8F60BF1A1E45BBCC001E9D63 /* Info.plist */,
			);
			path = "Dec-Inc-ButtonTests";
			sourceTree = "<group>";
		};
		8F60BF221E45BBCC001E9D63 /* Dec-Inc-ButtonUITests */ = {
			isa = PBXGroup;
			children = (
				8F60BF231E45BBCC001E9D63 /* Dec_Inc_ButtonUITests.m */,
				8F60BF251E45BBCC001E9D63 /* Info.plist */,
			);
			path = "Dec-Inc-ButtonUITests";
			sourceTree = "<group>";
		};
		8F60BF311E45BCE4001E9D63 /* NumberButton */ = {
			isa = PBXGroup;
			children = (
				8F60BF321E45BD27001E9D63 /* NumberButton.h */,
				8F60BF331E45BD27001E9D63 /* NumberButton.m */,
			);
			path = NumberButton;
			sourceTree = "<group>";
		};
/* End PBXGroup section */

/* Begin PBXNativeTarget section */
		8F60BEFA1E45BBCB001E9D63 /* Dec-Inc-Button */ = {
			isa = PBXNativeTarget;
			buildConfigurationList = 8F60BF281E45BBCC001E9D63 /* Build configuration list for PBXNativeTarget "Dec-Inc-Button" */;
			buildPhases = (
				8F60BEF71E45BBCB001E9D63 /* Sources */,
				8F60BEF81E45BBCB001E9D63 /* Frameworks */,
				8F60BEF91E45BBCB001E9D63 /* Resources */,
			);
			buildRules = (
			);
			dependencies = (
			);
			name = "Dec-Inc-Button";
			productName = "Dec-Inc-Button";
			productReference = 8F60BEFB1E45BBCB001E9D63 /* Dec-Inc-Button.app */;
			productType = "com.apple.product-type.application";
		};
		8F60BF131E45BBCC001E9D63 /* Dec-Inc-ButtonTests */ = {
			isa = PBXNativeTarget;
			buildConfigurationList = 8F60BF2B1E45BBCC001E9D63 /* Build configuration list for PBXNativeTarget "Dec-Inc-ButtonTests" */;
			buildPhases = (
				8F60BF101E45BBCC001E9D63 /* Sources */,
				8F60BF111E45BBCC001E9D63 /* Frameworks */,
				8F60BF121E45BBCC001E9D63 /* Resources */,
			);
			buildRules = (
			);
			dependencies = (
				8F60BF161E45BBCC001E9D63 /* PBXTargetDependency */,
			);
			name = "Dec-Inc-ButtonTests";
			productName = "Dec-Inc-ButtonTests";
			productReference = 8F60BF141E45BBCC001E9D63 /* Dec-Inc-ButtonTests.xctest */;
			productType = "com.apple.product-type.bundle.unit-test";
		};
		8F60BF1E1E45BBCC001E9D63 /* Dec-Inc-ButtonUITests */ = {
			isa = PBXNativeTarget;
			buildConfigurationList = 8F60BF2E1E45BBCC001E9D63 /* Build configuration list for PBXNativeTarget "Dec-Inc-ButtonUITests" */;
			buildPhases = (
				8F60BF1B1E45BBCC001E9D63 /* Sources */,
				8F60BF1C1E45BBCC001E9D63 /* Frameworks */,
				8F60BF1D1E45BBCC001E9D63 /* Resources */,
			);
			buildRules = (
			);
			dependencies = (
				8F60BF211E45BBCC001E9D63 /* PBXTargetDependency */,
			);
			name = "Dec-Inc-ButtonUITests";
			productName = "Dec-Inc-ButtonUITests";
			productReference = 8F60BF1F1E45BBCC001E9D63 /* Dec-Inc-ButtonUITests.xctest */;
			productType = "com.apple.product-type.bundle.ui-testing";
		};
/* End PBXNativeTarget section */

/* Begin PBXProject section */
		8F60BEF31E45BBCB001E9D63 /* Project object */ = {
			isa = PBXProject;
			attributes = {
				LastUpgradeCheck = 0820;
				ORGANIZATIONNAME = xiangronghua;
				TargetAttributes = {
					8F60BEFA1E45BBCB001E9D63 = {
						CreatedOnToolsVersion = 8.2.1;
						DevelopmentTeam = 4U8M5497ZW;
						ProvisioningStyle = Automatic;
					};
					8F60BF131E45BBCC001E9D63 = {
						CreatedOnToolsVersion = 8.2.1;
						ProvisioningStyle = Automatic;
						TestTargetID = 8F60BEFA1E45BBCB001E9D63;
					};
					8F60BF1E1E45BBCC001E9D63 = {
						CreatedOnToolsVersion = 8.2.1;
						ProvisioningStyle = Automatic;
						TestTargetID = 8F60BEFA1E45BBCB001E9D63;
					};
				};
			};
			buildConfigurationList = 8F60BEF61E45BBCB001E9D63 /* Build configuration list for PBXProject "Dec-Inc-Button" */;
			compatibilityVersion = "Xcode 3.2";
			developmentRegion = English;
			hasScannedForEncodings = 0;
			knownRegions = (
				en,
				Base,
			);
			mainGroup = 8F60BEF21E45BBCB001E9D63;
			productRefGroup = 8F60BEFC1E45BBCB001E9D63 /* Products */;
			projectDirPath = "";
			projectRoot = "";
			targets = (
				8F60BEFA1E45BBCB001E9D63 /* Dec-Inc-Button */,
				8F60BF131E45BBCC001E9D63 /* Dec-Inc-ButtonTests */,
				8F60BF1E1E45BBCC001E9D63 /* Dec-Inc-ButtonUITests */,
			);
		};
/* End PBXProject section */

/* Begin PBXResourcesBuildPhase section */
		8F60BEF91E45BBCB001E9D63 /* Resources */ = {
			isa = PBXResourcesBuildPhase;
			buildActionMask = 2147483647;
			files = (
				8F19CCE61E480D7A00885CBB /* increase_meituan@2x.png in Resources */,
				8F19CCDA1E480D7A00885CBB /* decrease_baiduwaimai@2x.png in Resources */,
				8F19CCE11E480D7A00885CBB /* decrease_taobao@3x.png in Resources */,
				8F19CCDF1E480D7A00885CBB /* decrease_meituan@3x.png in Resources */,
				8F19CCE01E480D7A00885CBB /* decrease_taobao@2x.png in Resources */,
				8F60BF0E1E45BBCB001E9D63 /* LaunchScreen.storyboard in Resources */,
				8F19CCDE1E480D7A00885CBB /* decrease_meituan@2x.png in Resources */,
				8F60BF0B1E45BBCB001E9D63 /* Assets.xcassets in Resources */,
				8F19CCE41E480D7A00885CBB /* increase_eleme@2x.png in Resources */,
				8F19CCDD1E480D7A00885CBB /* decrease_eleme@3x.png in Resources */,
				8F19CCE81E480D7A00885CBB /* increase_taobao@2x.png in Resources */,
				8F19CCE91E480D7A00885CBB /* increase_taobao@3x.png in Resources */,
				8F60BF091E45BBCB001E9D63 /* Main.storyboard in Resources */,
				8F19CCDB1E480D7A00885CBB /* decrease_baiduwaimai@3x.png in Resources */,
				8F19CCE71E480D7A00885CBB /* increase_meituan@3x.png in Resources */,
				8F19CCE51E480D7A00885CBB /* increase_eleme@3x.png in Resources */,
				8F19CCE21E480D7A00885CBB /* increase_baiduwaimai@2x.png in Resources */,
				8F19CCDC1E480D7A00885CBB /* decrease_eleme@2x.png in Resources */,
				8F19CCE31E480D7A00885CBB /* increase_baiduwaimai@3x.png in Resources */,
			);
			runOnlyForDeploymentPostprocessing = 0;
		};
		8F60BF121E45BBCC001E9D63 /* Resources */ = {
			isa = PBXResourcesBuildPhase;
			buildActionMask = 2147483647;
			files = (
			);
			runOnlyForDeploymentPostprocessing = 0;
		};
		8F60BF1D1E45BBCC001E9D63 /* Resources */ = {
			isa = PBXResourcesBuildPhase;
			buildActionMask = 2147483647;
			files = (
			);
			runOnlyForDeploymentPostprocessing = 0;
		};
/* End PBXResourcesBuildPhase section */

/* Begin PBXSourcesBuildPhase section */
		8F60BEF71E45BBCB001E9D63 /* Sources */ = {
			isa = PBXSourcesBuildPhase;
			buildActionMask = 2147483647;
			files = (
				8F60BF061E45BBCB001E9D63 /* ViewController.m in Sources */,
				8F60BF031E45BBCB001E9D63 /* AppDelegate.m in Sources */,
				8F60BF341E45BD27001E9D63 /* NumberButton.m in Sources */,
				8F60BF001E45BBCB001E9D63 /* main.m in Sources */,
			);
			runOnlyForDeploymentPostprocessing = 0;
		};
		8F60BF101E45BBCC001E9D63 /* Sources */ = {
			isa = PBXSourcesBuildPhase;
			buildActionMask = 2147483647;
			files = (
				8F60BF191E45BBCC001E9D63 /* Dec_Inc_ButtonTests.m in Sources */,
			);
			runOnlyForDeploymentPostprocessing = 0;
		};
		8F60BF1B1E45BBCC001E9D63 /* Sources */ = {
			isa = PBXSourcesBuildPhase;
			buildActionMask = 2147483647;
			files = (
				8F60BF241E45BBCC001E9D63 /* Dec_Inc_ButtonUITests.m in Sources */,
			);
			runOnlyForDeploymentPostprocessing = 0;
		};
/* End PBXSourcesBuildPhase section */

/* Begin PBXTargetDependency section */
		8F60BF161E45BBCC001E9D63 /* PBXTargetDependency */ = {
			isa = PBXTargetDependency;
			target = 8F60BEFA1E45BBCB001E9D63 /* Dec-Inc-Button */;
			targetProxy = 8F60BF151E45BBCC001E9D63 /* PBXContainerItemProxy */;
		};
		8F60BF211E45BBCC001E9D63 /* PBXTargetDependency */ = {
			isa = PBXTargetDependency;
			target = 8F60BEFA1E45BBCB001E9D63 /* Dec-Inc-Button */;
			targetProxy = 8F60BF201E45BBCC001E9D63 /* PBXContainerItemProxy */;
		};
/* End PBXTargetDependency section */

/* Begin PBXVariantGroup section */
		8F60BF071E45BBCB001E9D63 /* Main.storyboard */ = {
			isa = PBXVariantGroup;
			children = (
				8F60BF081E45BBCB001E9D63 /* Base */,
			);
			name = Main.storyboard;
			sourceTree = "<group>";
		};
		8F60BF0C1E45BBCB001E9D63 /* LaunchScreen.storyboard */ = {
			isa = PBXVariantGroup;
			children = (
				8F60BF0D1E45BBCB001E9D63 /* Base */,
			);
			name = LaunchScreen.storyboard;
			sourceTree = "<group>";
		};
/* End PBXVariantGroup section */

/* Begin XCBuildConfiguration section */
		8F60BF261E45BBCC001E9D63 /* Debug */ = {
			isa = XCBuildConfiguration;
			buildSettings = {
				ALWAYS_SEARCH_USER_PATHS = NO;
				CLANG_ANALYZER_NONNULL = YES;
				CLANG_CXX_LANGUAGE_STANDARD = "gnu++0x";
				CLANG_CXX_LIBRARY = "libc++";
				CLANG_ENABLE_MODULES = YES;
				CLANG_ENABLE_OBJC_ARC = YES;
				CLANG_WARN_BOOL_CONVERSION = YES;
				CLANG_WARN_CONSTANT_CONVERSION = YES;
				CLANG_WARN_DIRECT_OBJC_ISA_USAGE = YES_ERROR;
				CLANG_WARN_DOCUMENTATION_COMMENTS = YES;
				CLANG_WARN_EMPTY_BODY = YES;
				CLANG_WARN_ENUM_CONVERSION = YES;
				CLANG_WARN_INFINITE_RECURSION = YES;
				CLANG_WARN_INT_CONVERSION = YES;
				CLANG_WARN_OBJC_ROOT_CLASS = YES_ERROR;
				CLANG_WARN_SUSPICIOUS_MOVE = YES;
				CLANG_WARN_UNREACHABLE_CODE = YES;
				CLANG_WARN__DUPLICATE_METHOD_MATCH = YES;
				"CODE_SIGN_IDENTITY[sdk=iphoneos*]" = "iPhone Developer";
				COPY_PHASE_STRIP = NO;
				DEBUG_INFORMATION_FORMAT = dwarf;
				ENABLE_STRICT_OBJC_MSGSEND = YES;
				ENABLE_TESTABILITY = YES;
				GCC_C_LANGUAGE_STANDARD = gnu99;
				GCC_DYNAMIC_NO_PIC = NO;
				GCC_NO_COMMON_BLOCKS = YES;
				GCC_OPTIMIZATION_LEVEL = 0;
				GCC_PREPROCESSOR_DEFINITIONS = (
					"DEBUG=1",
					"$(inherited)",
				);
				GCC_WARN_64_TO_32_BIT_CONVERSION = YES;
				GCC_WARN_ABOUT_RETURN_TYPE = YES_ERROR;
				GCC_WARN_UNDECLARED_SELECTOR = YES;
				GCC_WARN_UNINITIALIZED_AUTOS = YES_AGGRESSIVE;
				GCC_WARN_UNUSED_FUNCTION = YES;
				GCC_WARN_UNUSED_VARIABLE = YES;
				IPHONEOS_DEPLOYMENT_TARGET = 10.2;
				MTL_ENABLE_DEBUG_INFO = YES;
				ONLY_ACTIVE_ARCH = YES;
				SDKROOT = iphoneos;
				TARGETED_DEVICE_FAMILY = "1,2";
			};
			name = Debug;
		};
		8F60BF271E45BBCC001E9D63 /* Release */ = {
			isa = XCBuildConfiguration;
			buildSettings = {
				ALWAYS_SEARCH_USER_PATHS = NO;
				CLANG_ANALYZER_NONNULL = YES;
				CLANG_CXX_LANGUAGE_STANDARD = "gnu++0x";
				CLANG_CXX_LIBRARY = "libc++";
				CLANG_ENABLE_MODULES = YES;
				CLANG_ENABLE_OBJC_ARC = YES;
				CLANG_WARN_BOOL_CONVERSION = YES;
				CLANG_WARN_CONSTANT_CONVERSION = YES;
				CLANG_WARN_DIRECT_OBJC_ISA_USAGE = YES_ERROR;
				CLANG_WARN_DOCUMENTATION_COMMENTS = YES;
				CLANG_WARN_EMPTY_BODY = YES;
				CLANG_WARN_ENUM_CONVERSION = YES;
				CLANG_WARN_INFINITE_RECURSION = YES;
				CLANG_WARN_INT_CONVERSION = YES;
				CLANG_WARN_OBJC_ROOT_CLASS = YES_ERROR;
				CLANG_WARN_SUSPICIOUS_MOVE = YES;
				CLANG_WARN_UNREACHABLE_CODE = YES;
				CLANG_WARN__DUPLICATE_METHOD_MATCH = YES;
				"CODE_SIGN_IDENTITY[sdk=iphoneos*]" = "iPhone Developer";
				COPY_PHASE_STRIP = NO;
				DEBUG_INFORMATION_FORMAT = "dwarf-with-dsym";
				ENABLE_NS_ASSERTIONS = NO;
				ENABLE_STRICT_OBJC_MSGSEND = YES;
				GCC_C_LANGUAGE_STANDARD = gnu99;
				GCC_NO_COMMON_BLOCKS = YES;
				GCC_WARN_64_TO_32_BIT_CONVERSION = YES;
				GCC_WARN_ABOUT_RETURN_TYPE = YES_ERROR;
				GCC_WARN_UNDECLARED_SELECTOR = YES;
				GCC_WARN_UNINITIALIZED_AUTOS = YES_AGGRESSIVE;
				GCC_WARN_UNUSED_FUNCTION = YES;
				GCC_WARN_UNUSED_VARIABLE = YES;
				IPHONEOS_DEPLOYMENT_TARGET = 10.2;
				MTL_ENABLE_DEBUG_INFO = NO;
				SDKROOT = iphoneos;
				TARGETED_DEVICE_FAMILY = "1,2";
				VALIDATE_PRODUCT = YES;
			};
			name = Release;
		};
		8F60BF291E45BBCC001E9D63 /* Debug */ = {
			isa = XCBuildConfiguration;
			buildSettings = {
				ASSETCATALOG_COMPILER_APPICON_NAME = AppIcon;
				DEVELOPMENT_TEAM = 4U8M5497ZW;
				INFOPLIST_FILE = "Dec-Inc-Button/Info.plist";
				LD_RUNPATH_SEARCH_PATHS = "$(inherited) @executable_path/Frameworks";
				PRODUCT_BUNDLE_IDENTIFIER = "XRH.Dec-Inc-Button";
				PRODUCT_NAME = "$(TARGET_NAME)";
			};
			name = Debug;
		};
		8F60BF2A1E45BBCC001E9D63 /* Release */ = {
			isa = XCBuildConfiguration;
			buildSettings = {
				ASSETCATALOG_COMPILER_APPICON_NAME = AppIcon;
				DEVELOPMENT_TEAM = 4U8M5497ZW;
				INFOPLIST_FILE = "Dec-Inc-Button/Info.plist";
				LD_RUNPATH_SEARCH_PATHS = "$(inherited) @executable_path/Frameworks";
				PRODUCT_BUNDLE_IDENTIFIER = "XRH.Dec-Inc-Button";
				PRODUCT_NAME = "$(TARGET_NAME)";
			};
			name = Release;
		};
		8F60BF2C1E45BBCC001E9D63 /* Debug */ = {
			isa = XCBuildConfiguration;
			buildSettings = {
				BUNDLE_LOADER = "$(TEST_HOST)";
				INFOPLIST_FILE = "Dec-Inc-ButtonTests/Info.plist";
				LD_RUNPATH_SEARCH_PATHS = "$(inherited) @executable_path/Frameworks @loader_path/Frameworks";
				PRODUCT_BUNDLE_IDENTIFIER = "XRH.Dec-Inc-ButtonTests";
				PRODUCT_NAME = "$(TARGET_NAME)";
				TEST_HOST = "$(BUILT_PRODUCTS_DIR)/Dec-Inc-Button.app/Dec-Inc-Button";
			};
			name = Debug;
		};
		8F60BF2D1E45BBCC001E9D63 /* Release */ = {
			isa = XCBuildConfiguration;
			buildSettings = {
				BUNDLE_LOADER = "$(TEST_HOST)";
				INFOPLIST_FILE = "Dec-Inc-ButtonTests/Info.plist";
				LD_RUNPATH_SEARCH_PATHS = "$(inherited) @executable_path/Frameworks @loader_path/Frameworks";
				PRODUCT_BUNDLE_IDENTIFIER = "XRH.Dec-Inc-ButtonTests";
				PRODUCT_NAME = "$(TARGET_NAME)";
				TEST_HOST = "$(BUILT_PRODUCTS_DIR)/Dec-Inc-Button.app/Dec-Inc-Button";
			};
			name = Release;
		};
		8F60BF2F1E45BBCC001E9D63 /* Debug */ = {
			isa = XCBuildConfiguration;
			buildSettings = {
				INFOPLIST_FILE = "Dec-Inc-ButtonUITests/Info.plist";
				LD_RUNPATH_SEARCH_PATHS = "$(inherited) @executable_path/Frameworks @loader_path/Frameworks";
				PRODUCT_BUNDLE_IDENTIFIER = "XRH.Dec-Inc-ButtonUITests";
				PRODUCT_NAME = "$(TARGET_NAME)";
				TEST_TARGET_NAME = "Dec-Inc-Button";
			};
			name = Debug;
		};
		8F60BF301E45BBCC001E9D63 /* Release */ = {
			isa = XCBuildConfiguration;
			buildSettings = {
				INFOPLIST_FILE = "Dec-Inc-ButtonUITests/Info.plist";
				LD_RUNPATH_SEARCH_PATHS = "$(inherited) @executable_path/Frameworks @loader_path/Frameworks";
				PRODUCT_BUNDLE_IDENTIFIER = "XRH.Dec-Inc-ButtonUITests";
				PRODUCT_NAME = "$(TARGET_NAME)";
				TEST_TARGET_NAME = "Dec-Inc-Button";
			};
			name = Release;
		};
/* End XCBuildConfiguration section */

/* Begin XCConfigurationList section */
		8F60BEF61E45BBCB001E9D63 /* Build configuration list for PBXProject "Dec-Inc-Button" */ = {
			isa = XCConfigurationList;
			buildConfigurations = (
				8F60BF261E45BBCC001E9D63 /* Debug */,
				8F60BF271E45BBCC001E9D63 /* Release */,
			);
			defaultConfigurationIsVisible = 0;
			defaultConfigurationName = Release;
		};
		8F60BF281E45BBCC001E9D63 /* Build configuration list for PBXNativeTarget "Dec-Inc-Button" */ = {
			isa = XCConfigurationList;
			buildConfigurations = (
				8F60BF291E45BBCC001E9D63 /* Debug */,
				8F60BF2A1E45BBCC001E9D63 /* Release */,
			);
			defaultConfigurationIsVisible = 0;
			defaultConfigurationName = Release;
		};
		8F60BF2B1E45BBCC001E9D63 /* Build configuration list for PBXNativeTarget "Dec-Inc-ButtonTests" */ = {
			isa = XCConfigurationList;
			buildConfigurations = (
				8F60BF2C1E45BBCC001E9D63 /* Debug */,
				8F60BF2D1E45BBCC001E9D63 /* Release */,
			);
			defaultConfigurationIsVisible = 0;
			defaultConfigurationName = Release;
		};
		8F60BF2E1E45BBCC001E9D63 /* Build configuration list for PBXNativeTarget "Dec-Inc-ButtonUITests" */ = {
			isa = XCConfigurationList;
			buildConfigurations = (
				8F60BF2F1E45BBCC001E9D63 /* Debug */,
				8F60BF301E45BBCC001E9D63 /* Release */,
			);
			defaultConfigurationIsVisible = 0;
			defaultConfigurationName = Release;
		};
/* End XCConfigurationList section */
	};
	rootObject = 8F60BEF31E45BBCB001E9D63 /* Project object */;
}
